// !$*UTF8*$!
{
	archiveVersion = 1;
	classes = {
	};
	objectVersion = 46;
	objects = {

/* Begin PBXBuildFile section */
		69193D561BF8500700CC6968 /* main.m in Sources */ = {isa = PBXBuildFile; fileRef = 69193D551BF8500700CC6968 /* main.m */; };
		69193D591BF8500700CC6968 /* AppDelegate.m in Sources */ = {isa = PBXBuildFile; fileRef = 69193D581BF8500700CC6968 /* AppDelegate.m */; };
		69193D5C1BF8500700CC6968 /* ViewController.m in Sources */ = {isa = PBXBuildFile; fileRef = 69193D5B1BF8500700CC6968 /* ViewController.m */; };
		69193D5F1BF8500700CC6968 /* Main.storyboard in Resources */ = {isa = PBXBuildFile; fileRef = 69193D5D1BF8500700CC6968 /* Main.storyboard */; };
		69193D611BF8500700CC6968 /* Assets.xcassets in Resources */ = {isa = PBXBuildFile; fileRef = 69193D601BF8500700CC6968 /* Assets.xcassets */; };
		69193D641BF8500700CC6968 /* LaunchScreen.storyboard in Resources */ = {isa = PBXBuildFile; fileRef = 69193D621BF8500700CC6968 /* LaunchScreen.storyboard */; };
		69193D6F1BF8500800CC6968 /* AFNetworkingDemoTests.m in Sources */ = {isa = PBXBuildFile; fileRef = 69193D6E1BF8500800CC6968 /* AFNetworkingDemoTests.m */; };
		69193D7A1BF8500800CC6968 /* AFNetworkingDemoUITests.m in Sources */ = {isa = PBXBuildFile; fileRef = 69193D791BF8500800CC6968 /* AFNetworkingDemoUITests.m */; };
		69193D901BF8517B00CC6968 /* HYBNetworking.m in Sources */ = {isa = PBXBuildFile; fileRef = 69193D8F1BF8517B00CC6968 /* HYBNetworking.m */; };
		69193D911BF8517B00CC6968 /* HYBNetworking.m in Sources */ = {isa = PBXBuildFile; fileRef = 69193D8F1BF8517B00CC6968 /* HYBNetworking.m */; };
		69193D921BF8517B00CC6968 /* HYBNetworking.m in Sources */ = {isa = PBXBuildFile; fileRef = 69193D8F1BF8517B00CC6968 /* HYBNetworking.m */; };
		ACC1E7ED4B825794EB61F9E0 /* libPods-AFNetworkingDemo.a in Frameworks */ = {isa = PBXBuildFile; fileRef = 6684006F3DC25579442DADB4 /* libPods-AFNetworkingDemo.a */; };
/* End PBXBuildFile section */

/* Begin PBXContainerItemProxy section */
		69193D6B1BF8500800CC6968 /* PBXContainerItemProxy */ = {
			isa = PBXContainerItemProxy;
			containerPortal = 69193D491BF8500700CC6968 /* Project object */;
			proxyType = 1;
			remoteGlobalIDString = 69193D501BF8500700CC6968;
			remoteInfo = AFNetworkingDemo;
		};
		69193D761BF8500800CC6968 /* PBXContainerItemProxy */ = {
			isa = PBXContainerItemProxy;
			containerPortal = 69193D491BF8500700CC6968 /* Project object */;
			proxyType = 1;
			remoteGlobalIDString = 69193D501BF8500700CC6968;
			remoteInfo = AFNetworkingDemo;
		};
/* End PBXContainerItemProxy section */

/* Begin PBXFileReference section */
		242D474658E6340FB18D126C /* Pods-AFNetworkingDemo.debug.xcconfig */ = {isa = PBXFileReference; includeInIndex = 1; lastKnownFileType = text.xcconfig; name = "Pods-AFNetworkingDemo.debug.xcconfig"; path = "Pods/Target Support Files/Pods-AFNetworkingDemo/Pods-AFNetworkingDemo.debug.xcconfig"; sourceTree = "<group>"; };
		638805B1706BAB8005EB6A97 /* Pods-AFNetworkingDemo.release.xcconfig */ = {isa = PBXFileReference; includeInIndex = 1; lastKnownFileType = text.xcconfig; name = "Pods-AFNetworkingDemo.release.xcconfig"; path = "Pods/Target Support Files/Pods-AFNetworkingDemo/Pods-AFNetworkingDemo.release.xcconfig"; sourceTree = "<group>"; };
		6684006F3DC25579442DADB4 /* libPods-AFNetworkingDemo.a */ = {isa = PBXFileReference; explicitFileType = archive.ar; includeInIndex = 0; path = "libPods-AFNetworkingDemo.a"; sourceTree = BUILT_PRODUCTS_DIR; };
		69193D511BF8500700CC6968 /* AFNetworkingDemo.app */ = {isa = PBXFileReference; explicitFileType = wrapper.application; includeInIndex = 0; path = AFNetworkingDemo.app; sourceTree = BUILT_PRODUCTS_DIR; };
		69193D551BF8500700CC6968 /* main.m */ = {isa = PBXFileReference; lastKnownFileType = sourcecode.c.objc; path = main.m; sourceTree = "<group>"; };
		69193D571BF8500700CC6968 /* AppDelegate.h */ = {isa = PBXFileReference; lastKnownFileType = sourcecode.c.h; path = AppDelegate.h; sourceTree = "<group>"; };
		69193D581BF8500700CC6968 /* AppDelegate.m */ = {isa = PBXFileReference; lastKnownFileType = sourcecode.c.objc; path = AppDelegate.m; sourceTree = "<group>"; };
		69193D5A1BF8500700CC6968 /* ViewController.h */ = {isa = PBXFileReference; lastKnownFileType = sourcecode.c.h; path = ViewController.h; sourceTree = "<group>"; };
		69193D5B1BF8500700CC6968 /* ViewController.m */ = {isa = PBXFileReference; lastKnownFileType = sourcecode.c.objc; path = ViewController.m; sourceTree = "<group>"; };
		69193D5E1BF8500700CC6968 /* Base */ = {isa = PBXFileReference; lastKnownFileType = file.storyboard; name = Base; path = Base.lproj/Main.storyboard; sourceTree = "<group>"; };
		69193D601BF8500700CC6968 /* Assets.xcassets */ = {isa = PBXFileReference; lastKnownFileType = folder.assetcatalog; path = Assets.xcassets; sourceTree = "<group>"; };
		69193D631BF8500700CC6968 /* Base */ = {isa = PBXFileReference; lastKnownFileType = file.storyboard; name = Base; path = Base.lproj/LaunchScreen.storyboard; sourceTree = "<group>"; };
		69193D651BF8500700CC6968 /* Info.plist */ = {isa = PBXFileReference; lastKnownFileType = text.plist.xml; path = Info.plist; sourceTree = "<group>"; };
		69193D6A1BF8500800CC6968 /* AFNetworkingDemoTests.xctest */ = {isa = PBXFileReference; explicitFileType = wrapper.cfbundle; includeInIndex = 0; path = AFNetworkingDemoTests.xctest; sourceTree = BUILT_PRODUCTS_DIR; };
		69193D6E1BF8500800CC6968 /* AFNetworkingDemoTests.m */ = {isa = PBXFileReference; lastKnownFileType = sourcecode.c.objc; path = AFNetworkingDemoTests.m; sourceTree = "<group>"; };
		69193D701BF8500800CC6968 /* Info.plist */ = {isa = PBXFileReference; lastKnownFileType = text.plist.xml; path = Info.plist; sourceTree = "<group>"; };
		69193D751BF8500800CC6968 /* AFNetworkingDemoUITests.xctest */ = {isa = PBXFileReference; explicitFileType = wrapper.cfbundle; includeInIndex = 0; path = AFNetworkingDemoUITests.xctest; sourceTree = BUILT_PRODUCTS_DIR; };
		69193D791BF8500800CC6968 /* AFNetworkingDemoUITests.m */ = {isa = PBXFileReference; lastKnownFileType = sourcecode.c.objc; path = AFNetworkingDemoUITests.m; sourceTree = "<group>"; };
		69193D7B1BF8500800CC6968 /* Info.plist */ = {isa = PBXFileReference; lastKnownFileType = text.plist.xml; path = Info.plist; sourceTree = "<group>"; };
		69193D8E1BF8517B00CC6968 /* HYBNetworking.h */ = {isa = PBXFileReference; fileEncoding = 4; lastKnownFileType = sourcecode.c.h; path = HYBNetworking.h; sourceTree = "<group>"; };
		69193D8F1BF8517B00CC6968 /* HYBNetworking.m */ = {isa = PBXFileReference; fileEncoding = 4; lastKnownFileType = sourcecode.c.objc; path = HYBNetworking.m; sourceTree = "<group>"; };
/* End PBXFileReference section */

/* Begin PBXFrameworksBuildPhase section */
		69193D4E1BF8500700CC6968 /* Frameworks */ = {
			isa = PBXFrameworksBuildPhase;
			buildActionMask = 2147483647;
			files = (
				ACC1E7ED4B825794EB61F9E0 /* libPods-AFNetworkingDemo.a in Frameworks */,
			);
			runOnlyForDeploymentPostprocessing = 0;
		};
		69193D671BF8500800CC6968 /* Frameworks */ = {
			isa = PBXFrameworksBuildPhase;
			buildActionMask = 2147483647;
			files = (
			);
			runOnlyForDeploymentPostprocessing = 0;
		};
		69193D721BF8500800CC6968 /* Frameworks */ = {
			isa = PBXFrameworksBuildPhase;
			buildActionMask = 2147483647;
			files = (
			);
			runOnlyForDeploymentPostprocessing = 0;
		};
/* End PBXFrameworksBuildPhase section */

/* Begin PBXGroup section */
		33B77CB7C86001F9200C9F8B /* Pods */ = {
			isa = PBXGroup;
			children = (
				242D474658E6340FB18D126C /* Pods-AFNetworkingDemo.debug.xcconfig */,
				638805B1706BAB8005EB6A97 /* Pods-AFNetworkingDemo.release.xcconfig */,
			);
			name = Pods;
			sourceTree = "<group>";
		};
		69193D481BF8500700CC6968 = {
			isa = PBXGroup;
			children = (
				69193D531BF8500700CC6968 /* AFNetworkingDemo */,
				69193D6D1BF8500800CC6968 /* AFNetworkingDemoTests */,
				69193D781BF8500800CC6968 /* AFNetworkingDemoUITests */,
				69193D521BF8500700CC6968 /* Products */,
				33B77CB7C86001F9200C9F8B /* Pods */,
				EF5DFFA583DD491B8E808C5C /* Frameworks */,
			);
			sourceTree = "<group>";
		};
		69193D521BF8500700CC6968 /* Products */ = {
			isa = PBXGroup;
			children = (
				69193D511BF8500700CC6968 /* AFNetworkingDemo.app */,
				69193D6A1BF8500800CC6968 /* AFNetworkingDemoTests.xctest */,
				69193D751BF8500800CC6968 /* AFNetworkingDemoUITests.xctest */,
			);
			name = Products;
			sourceTree = "<group>";
		};
		69193D531BF8500700CC6968 /* AFNetworkingDemo */ = {
			isa = PBXGroup;
			children = (
				69193D8D1BF8517B00CC6968 /* HYBNetworking */,
				69193D571BF8500700CC6968 /* AppDelegate.h */,
				69193D581BF8500700CC6968 /* AppDelegate.m */,
				69193D5A1BF8500700CC6968 /* ViewController.h */,
				69193D5B1BF8500700CC6968 /* ViewController.m */,
				69193D5D1BF8500700CC6968 /* Main.storyboard */,
				69193D601BF8500700CC6968 /* Assets.xcassets */,
				69193D621BF8500700CC6968 /* LaunchScreen.storyboard */,
				69193D651BF8500700CC6968 /* Info.plist */,
				69193D541BF8500700CC6968 /* Supporting Files */,
			);
			path = AFNetworkingDemo;
			sourceTree = "<group>";
		};
		69193D541BF8500700CC6968 /* Supporting Files */ = {
			isa = PBXGroup;
			children = (
				69193D551BF8500700CC6968 /* main.m */,
			);
			name = "Supporting Files";
			sourceTree = "<group>";
		};
		69193D6D1BF8500800CC6968 /* AFNetworkingDemoTests */ = {
			isa = PBXGroup;
			children = (
				69193D6E1BF8500800CC6968 /* AFNetworkingDemoTests.m */,
				69193D701BF8500800CC6968 /* Info.plist */,
			);
			path = AFNetworkingDemoTests;
			sourceTree = "<group>";
		};
		69193D781BF8500800CC6968 /* AFNetworkingDemoUITests */ = {
			isa = PBXGroup;
			children = (
				69193D791BF8500800CC6968 /* AFNetworkingDemoUITests.m */,
				69193D7B1BF8500800CC6968 /* Info.plist */,
			);
			path = AFNetworkingDemoUITests;
			sourceTree = "<group>";
		};
		69193D8D1BF8517B00CC6968 /* HYBNetworking */ = {
			isa = PBXGroup;
			children = (
				69193D8E1BF8517B00CC6968 /* HYBNetworking.h */,
				69193D8F1BF8517B00CC6968 /* HYBNetworking.m */,
			);
			path = HYBNetworking;
			sourceTree = SOURCE_ROOT;
		};
		EF5DFFA583DD491B8E808C5C /* Frameworks */ = {
			isa = PBXGroup;
			children = (
				6684006F3DC25579442DADB4 /* libPods-AFNetworkingDemo.a */,
			);
			name = Frameworks;
			sourceTree = "<group>";
		};
/* End PBXGroup section */

/* Begin PBXNativeTarget section */
		69193D501BF8500700CC6968 /* AFNetworkingDemo */ = {
			isa = PBXNativeTarget;
			buildConfigurationList = 69193D7E1BF8500800CC6968 /* Build configuration list for PBXNativeTarget "AFNetworkingDemo" */;
			buildPhases = (
				B8A348749ACB43F9B587DC52 /* Check Pods Manifest.lock */,
				69193D4D1BF8500700CC6968 /* Sources */,
				69193D4E1BF8500700CC6968 /* Frameworks */,
				69193D4F1BF8500700CC6968 /* Resources */,
				37355922D0D07B20BFBA901A /* Embed Pods Frameworks */,
				3CA83B4D7888EF2BCF7D18CC /* Copy Pods Resources */,
			);
			buildRules = (
			);
			dependencies = (
			);
			name = AFNetworkingDemo;
			productName = AFNetworkingDemo;
			productReference = 69193D511BF8500700CC6968 /* AFNetworkingDemo.app */;
			productType = "com.apple.product-type.application";
		};
		69193D691BF8500800CC6968 /* AFNetworkingDemoTests */ = {
			isa = PBXNativeTarget;
			buildConfigurationList = 69193D811BF8500800CC6968 /* Build configuration list for PBXNativeTarget "AFNetworkingDemoTests" */;
			buildPhases = (
				69193D661BF8500800CC6968 /* Sources */,
				69193D671BF8500800CC6968 /* Frameworks */,
				69193D681BF8500800CC6968 /* Resources */,
			);
			buildRules = (
			);
			dependencies = (
				69193D6C1BF8500800CC6968 /* PBXTargetDependency */,
			);
			name = AFNetworkingDemoTests;
			productName = AFNetworkingDemoTests;
			productReference = 69193D6A1BF8500800CC6968 /* AFNetworkingDemoTests.xctest */;
			productType = "com.apple.product-type.bundle.unit-test";
		};
		69193D741BF8500800CC6968 /* AFNetworkingDemoUITests */ = {
			isa = PBXNativeTarget;
			buildConfigurationList = 69193D841BF8500800CC6968 /* Build configuration list for PBXNativeTarget "AFNetworkingDemoUITests" */;
			buildPhases = (
				69193D711BF8500800CC6968 /* Sources */,
				69193D721BF8500800CC6968 /* Frameworks */,
				69193D731BF8500800CC6968 /* Resources */,
			);
			buildRules = (
			);
			dependencies = (
				69193D771BF8500800CC6968 /* PBXTargetDependency */,
			);
			name = AFNetworkingDemoUITests;
			productName = AFNetworkingDemoUITests;
			productReference = 69193D751BF8500800CC6968 /* AFNetworkingDemoUITests.xctest */;
			productType = "com.apple.product-type.bundle.ui-testing";
		};
/* End PBXNativeTarget section */

/* Begin PBXProject section */
		69193D491BF8500700CC6968 /* Project object */ = {
			isa = PBXProject;
			attributes = {
				LastUpgradeCheck = 0710;
				ORGANIZATIONNAME = huangyibiao;
				TargetAttributes = {
					69193D501BF8500700CC6968 = {
						CreatedOnToolsVersion = 7.1;
					};
					69193D691BF8500800CC6968 = {
						CreatedOnToolsVersion = 7.1;
						TestTargetID = 69193D501BF8500700CC6968;
					};
					69193D741BF8500800CC6968 = {
						CreatedOnToolsVersion = 7.1;
						TestTargetID = 69193D501BF8500700CC6968;
					};
				};
			};
			buildConfigurationList = 69193D4C1BF8500700CC6968 /* Build configuration list for PBXProject "AFNetworkingDemo" */;
			compatibilityVersion = "Xcode 3.2";
			developmentRegion = English;
			hasScannedForEncodings = 0;
			knownRegions = (
				en,
				Base,
			);
			mainGroup = 69193D481BF8500700CC6968;
			productRefGroup = 69193D521BF8500700CC6968 /* Products */;
			projectDirPath = "";
			projectRoot = "";
			targets = (
				69193D501BF8500700CC6968 /* AFNetworkingDemo */,
				69193D691BF8500800CC6968 /* AFNetworkingDemoTests */,
				69193D741BF8500800CC6968 /* AFNetworkingDemoUITests */,
			);
		};
/* End PBXProject section */

/* Begin PBXResourcesBuildPhase section */
		69193D4F1BF8500700CC6968 /* Resources */ = {
			isa = PBXResourcesBuildPhase;
			buildActionMask = 2147483647;
			files = (
				69193D641BF8500700CC6968 /* LaunchScreen.storyboard in Resources */,
				69193D611BF8500700CC6968 /* Assets.xcassets in Resources */,
				69193D5F1BF8500700CC6968 /* Main.storyboard in Resources */,
			);
			runOnlyForDeploymentPostprocessing = 0;
		};
		69193D681BF8500800CC6968 /* Resources */ = {
			isa = PBXResourcesBuildPhase;
			buildActionMask = 2147483647;
			files = (
			);
			runOnlyForDeploymentPostprocessing = 0;
		};
		69193D731BF8500800CC6968 /* Resources */ = {
			isa = PBXResourcesBuildPhase;
			buildActionMask = 2147483647;
			files = (
			);
			runOnlyForDeploymentPostprocessing = 0;
		};
/* End PBXResourcesBuildPhase section */

/* Begin PBXShellScriptBuildPhase section */
		37355922D0D07B20BFBA901A /* Embed Pods Frameworks */ = {
			isa = PBXShellScriptBuildPhase;
			buildActionMask = 2147483647;
			files = (
			);
			inputPaths = (
			);
			name = "Embed Pods Frameworks";
			outputPaths = (
			);
			runOnlyForDeploymentPostprocessing = 0;
			shellPath = /bin/sh;
			shellScript = "\"${SRCROOT}/Pods/Target Support Files/Pods-AFNetworkingDemo/Pods-AFNetworkingDemo-frameworks.sh\"\n";
			showEnvVarsInLog = 0;
		};
		3CA83B4D7888EF2BCF7D18CC /* Copy Pods Resources */ = {
			isa = PBXShellScriptBuildPhase;
			buildActionMask = 2147483647;
			files = (
			);
			inputPaths = (
			);
			name = "Copy Pods Resources";
			outputPaths = (
			);
			runOnlyForDeploymentPostprocessing = 0;
			shellPath = /bin/sh;
			shellScript = "\"${SRCROOT}/Pods/Target Support Files/Pods-AFNetworkingDemo/Pods-AFNetworkingDemo-resources.sh\"\n";
			showEnvVarsInLog = 0;
		};
		B8A348749ACB43F9B587DC52 /* Check Pods Manifest.lock */ = {
			isa = PBXShellScriptBuildPhase;
			buildActionMask = 2147483647;
			files = (
			);
			inputPaths = (
			);
			name = "Check Pods Manifest.lock";
			outputPaths = (
			);
			runOnlyForDeploymentPostprocessing = 0;
			shellPath = /bin/sh;
			shellScript = "diff \"${PODS_ROOT}/../Podfile.lock\" \"${PODS_ROOT}/Manifest.lock\" > /dev/null\nif [[ $? != 0 ]] ; then\n    cat << EOM\nerror: The sandbox is not in sync with the Podfile.lock. Run 'pod install' or update your CocoaPods installation.\nEOM\n    exit 1\nfi\n";
			showEnvVarsInLog = 0;
		};
/* End PBXShellScriptBuildPhase section */

/* Begin PBXSourcesBuildPhase section */
		69193D4D1BF8500700CC6968 /* Sources */ = {
			isa = PBXSourcesBuildPhase;
			buildActionMask = 2147483647;
			files = (
				69193D5C1BF8500700CC6968 /* ViewController.m in Sources */,
				69193D901BF8517B00CC6968 /* HYBNetworking.m in Sources */,
				69193D591BF8500700CC6968 /* AppDelegate.m in Sources */,
				69193D561BF8500700CC6968 /* main.m in Sources */,
			);
			runOnlyForDeploymentPostprocessing = 0;
		};
		69193D661BF8500800CC6968 /* Sources */ = {
			isa = PBXSourcesBuildPhase;
			buildActionMask = 2147483647;
			files = (
				69193D6F1BF8500800CC6968 /* AFNetworkingDemoTests.m in Sources */,
				69193D911BF8517B00CC6968 /* HYBNetworking.m in Sources */,
			);
			runOnlyForDeploymentPostprocessing = 0;
		};
		69193D711BF8500800CC6968 /* Sources */ = {
			isa = PBXSourcesBuildPhase;
			buildActionMask = 2147483647;
			files = (
				69193D7A1BF8500800CC6968 /* AFNetworkingDemoUITests.m in Sources */,
				69193D921BF8517B00CC6968 /* HYBNetworking.m in Sources */,
			);
			runOnlyForDeploymentPostprocessing = 0;
		};
/* End PBXSourcesBuildPhase section */

/* Begin PBXTargetDependency section */
		69193D6C1BF8500800CC6968 /* PBXTargetDependency */ = {
			isa = PBXTargetDependency;
			target = 69193D501BF8500700CC6968 /* AFNetworkingDemo */;
			targetProxy = 69193D6B1BF8500800CC6968 /* PBXContainerItemProxy */;
		};
		69193D771BF8500800CC6968 /* PBXTargetDependency */ = {
			isa = PBXTargetDependency;
			target = 69193D501BF8500700CC6968 /* AFNetworkingDemo */;
			targetProxy = 69193D761BF8500800CC6968 /* PBXContainerItemProxy */;
		};
/* End PBXTargetDependency section */

/* Begin PBXVariantGroup section */
		69193D5D1BF8500700CC6968 /* Main.storyboard */ = {
			isa = PBXVariantGroup;
			children = (
				69193D5E1BF8500700CC6968 /* Base */,
			);
			name = Main.storyboard;
			sourceTree = "<group>";
		};
		69193D621BF8500700CC6968 /* LaunchScreen.storyboard */ = {
			isa = PBXVariantGroup;
			children = (
				69193D631BF8500700CC6968 /* Base */,
			);
			name = LaunchScreen.storyboard;
			sourceTree = "<group>";
		};
/* End PBXVariantGroup section */

/* Begin XCBuildConfiguration section */
		69193D7C1BF8500800CC6968 /* Debug */ = {
			isa = XCBuildConfiguration;
			buildSettings = {
				ALWAYS_SEARCH_USER_PATHS = NO;
				CLANG_CXX_LANGUAGE_STANDARD = "gnu++0x";
				CLANG_CXX_LIBRARY = "libc++";
				CLANG_ENABLE_MODULES = YES;
				CLANG_ENABLE_OBJC_ARC = YES;
				CLANG_WARN_BOOL_CONVERSION = YES;
				CLANG_WARN_CONSTANT_CONVERSION = YES;
				CLANG_WARN_DIRECT_OBJC_ISA_USAGE = YES_ERROR;
				CLANG_WARN_EMPTY_BODY = YES;
				CLANG_WARN_ENUM_CONVERSION = YES;
				CLANG_WARN_INT_CONVERSION = YES;
				CLANG_WARN_OBJC_ROOT_CLASS = YES_ERROR;
				CLANG_WARN_UNREACHABLE_CODE = YES;
				CLANG_WARN__DUPLICATE_METHOD_MATCH = YES;
				"CODE_SIGN_IDENTITY[sdk=iphoneos*]" = "iPhone Developer";
				COPY_PHASE_STRIP = NO;
				DEBUG_INFORMATION_FORMAT = dwarf;
				ENABLE_STRICT_OBJC_MSGSEND = YES;
				ENABLE_TESTABILITY = YES;
				GCC_C_LANGUAGE_STANDARD = gnu99;
				GCC_DYNAMIC_NO_PIC = NO;
				GCC_NO_COMMON_BLOCKS = YES;
				GCC_OPTIMIZATION_LEVEL = 0;
				GCC_PREPROCESSOR_DEFINITIONS = (
					"DEBUG=1",
					"$(inherited)",
				);
				GCC_WARN_64_TO_32_BIT_CONVERSION = YES;
				GCC_WARN_ABOUT_RETURN_TYPE = YES_ERROR;
				GCC_WARN_UNDECLARED_SELECTOR = YES;
				GCC_WARN_UNINITIALIZED_AUTOS = YES_AGGRESSIVE;
				GCC_WARN_UNUSED_FUNCTION = YES;
				GCC_WARN_UNUSED_VARIABLE = YES;
				IPHONEOS_DEPLOYMENT_TARGET = 9.1;
				MTL_ENABLE_DEBUG_INFO = YES;
				ONLY_ACTIVE_ARCH = YES;
				SDKROOT = iphoneos;
			};
			name = Debug;
		};
		69193D7D1BF8500800CC6968 /* Release */ = {
			isa = XCBuildConfiguration;
			buildSettings = {
				ALWAYS_SEARCH_USER_PATHS = NO;
				CLANG_CXX_LANGUAGE_STANDARD = "gnu++0x";
				CLANG_CXX_LIBRARY = "libc++";
				CLANG_ENABLE_MODULES = YES;
				CLANG_ENABLE_OBJC_ARC = YES;
				CLANG_WARN_BOOL_CONVERSION = YES;
				CLANG_WARN_CONSTANT_CONVERSION = YES;
				CLANG_WARN_DIRECT_OBJC_ISA_USAGE = YES_ERROR;
				CLANG_WARN_EMPTY_BODY = YES;
				CLANG_WARN_ENUM_CONVERSION = YES;
				CLANG_WARN_INT_CONVERSION = YES;
				CLANG_WARN_OBJC_ROOT_CLASS = YES_ERROR;
				CLANG_WARN_UNREACHABLE_CODE = YES;
				CLANG_WARN__DUPLICATE_METHOD_MATCH = YES;
				"CODE_SIGN_IDENTITY[sdk=iphoneos*]" = "iPhone Developer";
				COPY_PHASE_STRIP = NO;
				DEBUG_INFORMATION_FORMAT = "dwarf-with-dsym";
				ENABLE_NS_ASSERTIONS = NO;
				ENABLE_STRICT_OBJC_MSGSEND = YES;
				GCC_C_LANGUAGE_STANDARD = gnu99;
				GCC_NO_COMMON_BLOCKS = YES;
				GCC_WARN_64_TO_32_BIT_CONVERSION = YES;
				GCC_WARN_ABOUT_RETURN_TYPE = YES_ERROR;
				GCC_WARN_UNDECLARED_SELECTOR = YES;
				GCC_WARN_UNINITIALIZED_AUTOS = YES_AGGRESSIVE;
				GCC_WARN_UNUSED_FUNCTION = YES;
				GCC_WARN_UNUSED_VARIABLE = YES;
				IPHONEOS_DEPLOYMENT_TARGET = 9.1;
				MTL_ENABLE_DEBUG_INFO = NO;
				SDKROOT = iphoneos;
				VALIDATE_PRODUCT = YES;
			};
			name = Release;
		};
		69193D7F1BF8500800CC6968 /* Debug */ = {
			isa = XCBuildConfiguration;
			baseConfigurationReference = 242D474658E6340FB18D126C /* Pods-AFNetworkingDemo.debug.xcconfig */;
			buildSettings = {
				ASSETCATALOG_COMPILER_APPICON_NAME = AppIcon;
				HEADER_SEARCH_PATHS = (
					"$(inherited)",
					"\"${PODS_ROOT}/Headers/Public\"",
					"\"${PODS_ROOT}/Headers/Public/AFNetworking\"/**",
				);
				INFOPLIST_FILE = AFNetworkingDemo/Info.plist;
				IPHONEOS_DEPLOYMENT_TARGET = 7.0;
				LD_RUNPATH_SEARCH_PATHS = "$(inherited) @executable_path/Frameworks";
				PRODUCT_BUNDLE_IDENTIFIER = com.huangyibiao.AFNetworkingDemo;
				PRODUCT_NAME = "$(TARGET_NAME)";
				USER_HEADER_SEARCH_PATHS = "";
			};
			name = Debug;
		};
		69193D801BF8500800CC6968 /* Release */ = {
			isa = XCBuildConfiguration;
			baseConfigurationReference = 638805B1706BAB8005EB6A97 /* Pods-AFNetworkingDemo.release.xcconfig */;
			buildSettings = {
				ASSETCATALOG_COMPILER_APPICON_NAME = AppIcon;
				HEADER_SEARCH_PATHS = (
					"$(inherited)",
					"\"${PODS_ROOT}/Headers/Public\"",
					"\"${PODS_ROOT}/Headers/Public/AFNetworking\"/**",
				);
				INFOPLIST_FILE = AFNetworkingDemo/Info.plist;
				IPHONEOS_DEPLOYMENT_TARGET = 7.0;
				LD_RUNPATH_SEARCH_PATHS = "$(inherited) @executable_path/Frameworks";
				PRODUCT_BUNDLE_IDENTIFIER = com.huangyibiao.AFNetworkingDemo;
				PRODUCT_NAME = "$(TARGET_NAME)";
				USER_HEADER_SEARCH_PATHS = "";
			};
			name = Release;
		};
		69193D821BF8500800CC6968 /* Debug */ = {
			isa = XCBuildConfiguration;
			buildSettings = {
				BUNDLE_LOADER = "$(TEST_HOST)";
				INFOPLIST_FILE = AFNetworkingDemoTests/Info.plist;
				LD_RUNPATH_SEARCH_PATHS = "$(inherited) @executable_path/Frameworks @loader_path/Frameworks";
				PRODUCT_BUNDLE_IDENTIFIER = com.huangyibiao.AFNetworkingDemoTests;
				PRODUCT_NAME = "$(TARGET_NAME)";
				TEST_HOST = "$(BUILT_PRODUCTS_DIR)/AFNetworkingDemo.app/AFNetworkingDemo";
			};
			name = Debug;
		};
		69193D831BF8500800CC6968 /* Release */ = {
			isa = XCBuildConfiguration;
			buildSettings = {
				BUNDLE_LOADER = "$(TEST_HOST)";
				INFOPLIST_FILE = AFNetworkingDemoTests/Info.plist;
				LD_RUNPATH_SEARCH_PATHS = "$(inherited) @executable_path/Frameworks @loader_path/Frameworks";
				PRODUCT_BUNDLE_IDENTIFIER = com.huangyibiao.AFNetworkingDemoTests;
				PRODUCT_NAME = "$(TARGET_NAME)";
				TEST_HOST = "$(BUILT_PRODUCTS_DIR)/AFNetworkingDemo.app/AFNetworkingDemo";
			};
			name = Release;
		};
		69193D851BF8500800CC6968 /* Debug */ = {
			isa = XCBuildConfiguration;
			buildSettings = {
				INFOPLIST_FILE = AFNetworkingDemoUITests/Info.plist;
				LD_RUNPATH_SEARCH_PATHS = "$(inherited) @executable_path/Frameworks @loader_path/Frameworks";
				PRODUCT_BUNDLE_IDENTIFIER = com.huangyibiao.AFNetworkingDemoUITests;
				PRODUCT_NAME = "$(TARGET_NAME)";
				TEST_TARGET_NAME = AFNetworkingDemo;
				USES_XCTRUNNER = YES;
			};
			name = Debug;
		};
		69193D861BF8500800CC6968 /* Release */ = {
			isa = XCBuildConfiguration;
			buildSettings = {
				INFOPLIST_FILE = AFNetworkingDemoUITests/Info.plist;
				LD_RUNPATH_SEARCH_PATHS = "$(inherited) @executable_path/Frameworks @loader_path/Frameworks";
				PRODUCT_BUNDLE_IDENTIFIER = com.huangyibiao.AFNetworkingDemoUITests;
				PRODUCT_NAME = "$(TARGET_NAME)";
				TEST_TARGET_NAME = AFNetworkingDemo;
				USES_XCTRUNNER = YES;
			};
			name = Release;
		};
/* End XCBuildConfiguration section */

/* Begin XCConfigurationList section */
		69193D4C1BF8500700CC6968 /* Build configuration list for PBXProject "AFNetworkingDemo" */ = {
			isa = XCConfigurationList;
			buildConfigurations = (
				69193D7C1BF8500800CC6968 /* Debug */,
				69193D7D1BF8500800CC6968 /* Release */,
			);
			defaultConfigurationIsVisible = 0;
			defaultConfigurationName = Release;
		};
		69193D7E1BF8500800CC6968 /* Build configuration list for PBXNativeTarget "AFNetworkingDemo" */ = {
			isa = XCConfigurationList;
			buildConfigurations = (
				69193D7F1BF8500800CC6968 /* Debug */,
				69193D801BF8500800CC6968 /* Release */,
			);
			defaultConfigurationIsVisible = 0;
			defaultConfigurationName = Release;
		};
		69193D811BF8500800CC6968 /* Build configuration list for PBXNativeTarget "AFNetworkingDemoTests" */ = {
			isa = XCConfigurationList;
			buildConfigurations = (
				69193D821BF8500800CC6968 /* Debug */,
				69193D831BF8500800CC6968 /* Release */,
			);
			defaultConfigurationIsVisible = 0;
			defaultConfigurationName = Release;
		};
		69193D841BF8500800CC6968 /* Build configuration list for PBXNativeTarget "AFNetworkingDemoUITests" */ = {
			isa = XCConfigurationList;
			buildConfigurations = (
				69193D851BF8500800CC6968 /* Debug */,
				69193D861BF8500800CC6968 /* Release */,
			);
			defaultConfigurationIsVisible = 0;
			defaultConfigurationName = Release;
		};
/* End XCConfigurationList section */
	};
	rootObject = 69193D491BF8500700CC6968 /* Project object */;
}
